
Microsoft Visual Studio Solution File, Format Version 12.00
# Visual Studio Version 17
VisualStudioVersion = 17.3.32901.215
MinimumVisualStudioVersion = 10.0.40219.1
Project("{FAE04EC0-301F-11D3-BF4B-00C04F79EFBC}") = "Resume Templater", "Resume Templater.csproj", "{3A0F3A32-41D6-41C1-9B82-AF8D4C0831D2}"
EndProject
Global
	GlobalSection(SolutionConfigurationPlatforms) = preSolution
		Debug|Any CPU = Debug|Any CPU
		Release|Any CPU = Release|Any CPU
	EndGlobalSection
	GlobalSection(ProjectConfigurationPlatforms) = postSolution
		{3A0F3A32-41D6-41C1-9B82-AF8D4C0831D2}.Debug|Any CPU.ActiveCfg = Debug|Any CPU
		{3A0F3A32-41D6-41C1-9B82-AF8D4C0831D2}.Debug|Any CPU.Build.0 = Debug|Any CPU
		{3A0F3A32-41D6-41C1-9B82-AF8D4C0831D2}.Release|Any CPU.ActiveCfg = Release|Any CPU
		{3A0F3A32-41D6-41C1-9B82-AF8D4C0831D2}.Release|Any CPU.Build.0 = Release|Any CPU
	EndGlobalSection
	GlobalSection(SolutionProperties) = preSolution
		HideSolutionNode = FALSE
	EndGlobalSection
	GlobalSection(ExtensibilityGlobals) = postSolution
		SolutionGuid = {DC1F6ACD-1661-47F1-A199-3AE69561E39E}
	EndGlobalSection
EndGlobal
